
Microsoft Visual Studio Solution File, Format Version 12.00
# Visual Studio Version 17
VisualStudioVersion = 17.6.33815.320
MinimumVisualStudioVersion = 10.0.40219.1
Project("{FAE04EC0-301F-11D3-BF4B-00C04F79EFBC}") = "New Pie Shop", "New Pie Shop\New Pie Shop.csproj", "{37604E0F-0E72-4107-89D2-AC9C0AC622C6}"
EndProject
Global
	GlobalSection(SolutionConfigurationPlatforms) = preSolution
		Debug|Any CPU = Debug|Any CPU
		Release|Any CPU = Release|Any CPU
	EndGlobalSection
	GlobalSection(ProjectConfigurationPlatforms) = postSolution
		{37604E0F-0E72-4107-89D2-AC9C0AC622C6}.Debug|Any CPU.ActiveCfg = Debug|Any CPU
		{37604E0F-0E72-4107-89D2-AC9C0AC622C6}.Debug|Any CPU.Build.0 = Debug|Any CPU
		{37604E0F-0E72-4107-89D2-AC9C0AC622C6}.Release|Any CPU.ActiveCfg = Release|Any CPU
		{37604E0F-0E72-4107-89D2-AC9C0AC622C6}.Release|Any CPU.Build.0 = Release|Any CPU
	EndGlobalSection
	GlobalSection(SolutionProperties) = preSolution
		HideSolutionNode = FALSE
	EndGlobalSection
	GlobalSection(ExtensibilityGlobals) = postSolution
		SolutionGuid = {72D7B3E0-E703-424A-AD72-BAD3ABE657FF}
	EndGlobalSection
EndGlobal
